
Microsoft Visual Studio Solution File, Format Version 12.00
Project("{2150E333-8FDC-42A3-9474-1A3956D46DE8}") = "src", "src", "{DED36C66-9A60-4CEB-9FDE-67243BAD7183}"
EndProject
Project("{2150E333-8FDC-42A3-9474-1A3956D46DE8}") = "tests", "tests", "{C8B1B71A-704A-4610-90B7-E09A88C44925}"
EndProject
Project("{FAE04EC0-301F-11D3-BF4B-00C04F79EFBC}") = "CashFlow.Api", "src\CashFlow.Api\CashFlow.Api.csproj", "{A6881976-29B4-4153-838A-EB77176CEF31}"
EndProject
Project("{FAE04EC0-301F-11D3-BF4B-00C04F79EFBC}") = "CashFlow.Domain", "src\CashFlow.Domain\CashFlow.Domain.csproj", "{B728D02C-AA93-45C4-822F-8932DD257638}"
EndProject
Project("{FAE04EC0-301F-11D3-BF4B-00C04F79EFBC}") = "CashFlow.Application", "src\CashFlow.Application\CashFlow.Application.csproj", "{A191E1FD-FD58-41F1-8E84-38A5B0ECC8FF}"
EndProject
Project("{FAE04EC0-301F-11D3-BF4B-00C04F79EFBC}") = "CashFlow.Communication", "src\CashFlow.Communication\CashFlow.Communication.csproj", "{82FE73DD-CDD1-4BD1-91DE-666C7A5DDD4A}"
EndProject
Project("{FAE04EC0-301F-11D3-BF4B-00C04F79EFBC}") = "CashFlow.Exception", "src\CashFlow.Exception\CashFlow.Exception.csproj", "{76BF45CD-5DE7-488B-A7E3-D31875BA239F}"
EndProject
Project("{FAE04EC0-301F-11D3-BF4B-00C04F79EFBC}") = "CashFlow.Infrastructure", "src\CashFlow.Infrastructure\CashFlow.Infrastructure.csproj", "{15AA4211-FE74-4B47-871E-0AFADBD6F13F}"
EndProject
Project("{2150E333-8FDC-42A3-9474-1A3956D46DE8}") = "Solution Items", "Solution Items", "{A749F220-A1A2-4737-8B19-61662053A4E7}"
EndProject
Project("{FAE04EC0-301F-11D3-BF4B-00C04F79EFBC}") = "Validators.Tests", "tests\Validators.Tests\Validators.Tests.csproj", "{D92D65EB-C8D0-4E19-8F53-16A54C8E7936}"
EndProject
Project("{FAE04EC0-301F-11D3-BF4B-00C04F79EFBC}") = "CommonTestUtilities", "tests\CommonTestUtilities\CommonTestUtilities.csproj", "{E5A7999A-493B-488D-9EB7-717DD3C489F6}"
EndProject
Global
	GlobalSection(SolutionConfigurationPlatforms) = preSolution
		Debug|Any CPU = Debug|Any CPU
		Release|Any CPU = Release|Any CPU
	EndGlobalSection
	GlobalSection(NestedProjects) = preSolution
		{A6881976-29B4-4153-838A-EB77176CEF31} = {DED36C66-9A60-4CEB-9FDE-67243BAD7183}
		{B728D02C-AA93-45C4-822F-8932DD257638} = {DED36C66-9A60-4CEB-9FDE-67243BAD7183}
		{A191E1FD-FD58-41F1-8E84-38A5B0ECC8FF} = {DED36C66-9A60-4CEB-9FDE-67243BAD7183}
		{82FE73DD-CDD1-4BD1-91DE-666C7A5DDD4A} = {DED36C66-9A60-4CEB-9FDE-67243BAD7183}
		{76BF45CD-5DE7-488B-A7E3-D31875BA239F} = {DED36C66-9A60-4CEB-9FDE-67243BAD7183}
		{15AA4211-FE74-4B47-871E-0AFADBD6F13F} = {DED36C66-9A60-4CEB-9FDE-67243BAD7183}
		{D92D65EB-C8D0-4E19-8F53-16A54C8E7936} = {C8B1B71A-704A-4610-90B7-E09A88C44925}
		{E5A7999A-493B-488D-9EB7-717DD3C489F6} = {C8B1B71A-704A-4610-90B7-E09A88C44925}
	EndGlobalSection
	GlobalSection(ProjectConfigurationPlatforms) = postSolution
		{A6881976-29B4-4153-838A-EB77176CEF31}.Debug|Any CPU.ActiveCfg = Debug|Any CPU
		{A6881976-29B4-4153-838A-EB77176CEF31}.Debug|Any CPU.Build.0 = Debug|Any CPU
		{A6881976-29B4-4153-838A-EB77176CEF31}.Release|Any CPU.ActiveCfg = Release|Any CPU
		{A6881976-29B4-4153-838A-EB77176CEF31}.Release|Any CPU.Build.0 = Release|Any CPU
		{B728D02C-AA93-45C4-822F-8932DD257638}.Debug|Any CPU.ActiveCfg = Debug|Any CPU
		{B728D02C-AA93-45C4-822F-8932DD257638}.Debug|Any CPU.Build.0 = Debug|Any CPU
		{B728D02C-AA93-45C4-822F-8932DD257638}.Release|Any CPU.ActiveCfg = Release|Any CPU
		{B728D02C-AA93-45C4-822F-8932DD257638}.Release|Any CPU.Build.0 = Release|Any CPU
		{A191E1FD-FD58-41F1-8E84-38A5B0ECC8FF}.Debug|Any CPU.ActiveCfg = Debug|Any CPU
		{A191E1FD-FD58-41F1-8E84-38A5B0ECC8FF}.Debug|Any CPU.Build.0 = Debug|Any CPU
		{A191E1FD-FD58-41F1-8E84-38A5B0ECC8FF}.Release|Any CPU.ActiveCfg = Release|Any CPU
		{A191E1FD-FD58-41F1-8E84-38A5B0ECC8FF}.Release|Any CPU.Build.0 = Release|Any CPU
		{82FE73DD-CDD1-4BD1-91DE-666C7A5DDD4A}.Debug|Any CPU.ActiveCfg = Debug|Any CPU
		{82FE73DD-CDD1-4BD1-91DE-666C7A5DDD4A}.Debug|Any CPU.Build.0 = Debug|Any CPU
		{82FE73DD-CDD1-4BD1-91DE-666C7A5DDD4A}.Release|Any CPU.ActiveCfg = Release|Any CPU
		{82FE73DD-CDD1-4BD1-91DE-666C7A5DDD4A}.Release|Any CPU.Build.0 = Release|Any CPU
		{76BF45CD-5DE7-488B-A7E3-D31875BA239F}.Debug|Any CPU.ActiveCfg = Debug|Any CPU
		{76BF45CD-5DE7-488B-A7E3-D31875BA239F}.Debug|Any CPU.Build.0 = Debug|Any CPU
		{76BF45CD-5DE7-488B-A7E3-D31875BA239F}.Release|Any CPU.ActiveCfg = Release|Any CPU
		{76BF45CD-5DE7-488B-A7E3-D31875BA239F}.Release|Any CPU.Build.0 = Release|Any CPU
		{15AA4211-FE74-4B47-871E-0AFADBD6F13F}.Debug|Any CPU.ActiveCfg = Debug|Any CPU
		{15AA4211-FE74-4B47-871E-0AFADBD6F13F}.Debug|Any CPU.Build.0 = Debug|Any CPU
		{15AA4211-FE74-4B47-871E-0AFADBD6F13F}.Release|Any CPU.ActiveCfg = Release|Any CPU
		{15AA4211-FE74-4B47-871E-0AFADBD6F13F}.Release|Any CPU.Build.0 = Release|Any CPU
		{D92D65EB-C8D0-4E19-8F53-16A54C8E7936}.Debug|Any CPU.ActiveCfg = Debug|Any CPU
		{D92D65EB-C8D0-4E19-8F53-16A54C8E7936}.Debug|Any CPU.Build.0 = Debug|Any CPU
		{D92D65EB-C8D0-4E19-8F53-16A54C8E7936}.Release|Any CPU.ActiveCfg = Release|Any CPU
		{D92D65EB-C8D0-4E19-8F53-16A54C8E7936}.Release|Any CPU.Build.0 = Release|Any CPU
		{E5A7999A-493B-488D-9EB7-717DD3C489F6}.Debug|Any CPU.ActiveCfg = Debug|Any CPU
		{E5A7999A-493B-488D-9EB7-717DD3C489F6}.Debug|Any CPU.Build.0 = Debug|Any CPU
		{E5A7999A-493B-488D-9EB7-717DD3C489F6}.Release|Any CPU.ActiveCfg = Release|Any CPU
		{E5A7999A-493B-488D-9EB7-717DD3C489F6}.Release|Any CPU.Build.0 = Release|Any CPU
	EndGlobalSection
EndGlobal
